
Microsoft Visual Studio Solution File, Format Version 12.00
# Visual Studio Version 16
VisualStudioVersion = 16.0.30011.22
MinimumVisualStudioVersion = 10.0.40219.1
Project("{FAE04EC0-301F-11D3-BF4B-00C04F79EFBC}") = "AutofacWebApi", "AutofacWebApi\AutofacWebApi.csproj", "{F49E68D3-55A9-4431-8301-CF8A14783AE2}"
EndProject
Global
	GlobalSection(SolutionConfigurationPlatforms) = preSolution
		Debug|Any CPU = Debug|Any CPU
		Release|Any CPU = Release|Any CPU
	EndGlobalSection
	GlobalSection(ProjectConfigurationPlatforms) = postSolution
		{F49E68D3-55A9-4431-8301-CF8A14783AE2}.Debug|Any CPU.ActiveCfg = Debug|Any CPU
		{F49E68D3-55A9-4431-8301-CF8A14783AE2}.Debug|Any CPU.Build.0 = Debug|Any CPU
		{F49E68D3-55A9-4431-8301-CF8A14783AE2}.Release|Any CPU.ActiveCfg = Release|Any CPU
		{F49E68D3-55A9-4431-8301-CF8A14783AE2}.Release|Any CPU.Build.0 = Release|Any CPU
	EndGlobalSection
	GlobalSection(SolutionProperties) = preSolution
		HideSolutionNode = FALSE
	EndGlobalSection
	GlobalSection(ExtensibilityGlobals) = postSolution
		SolutionGuid = {5FF3E8E1-CE75-4A8F-B79E-2A4BE5671B5F}
	EndGlobalSection
EndGlobal
